github.com/bnema/puregotk v0.0.0-20251209190437-9ff73d625ed6 h1:f3LDSU1avyGqpbBsinnB9PzJ1n/SKz23RdL7mEZU+XE=
github.com/bnema/puregotk v0.0.0-20251209190437-9ff73d625ed6/go.mod h1:mZu8qSvCSqtVL+xoiebZuicnJijwrLfGRs6/eTVgFlc=
github.com/jwijenbergh/purego v0.0.0-20251017112123-b71757b9ba42 h1:kQ0LX4ffJvtONhymro3HzrB8XUa6dIGgrbnkl38Rgl0=
github.com/jwijenbergh/purego v0.0.0-20251017112123-b71757b9ba42/go.mod h1:amE5lVGstyh2GTEIHFEbgJHmoMD0llIuapnzIlZx7Fc=
